
Microsoft Visual Studio Solution File, Format Version 12.00
# Visual Studio Version 17
VisualStudioVersion = 17.5.002.0
MinimumVisualStudioVersion = 10.0.40219.1
Project("{9A19103F-16F7-4668-BE54-9A1E7A4F7556}") = "test_execution3", "test_execution3.csproj", "{3B555B53-741B-46EF-8053-63D2E9370FA2}"
EndProject
Global
	GlobalSection(SolutionConfigurationPlatforms) = preSolution
		Debug|Any CPU = Debug|Any CPU
		Release|Any CPU = Release|Any CPU
	EndGlobalSection
	GlobalSection(ProjectConfigurationPlatforms) = postSolution
		{3B555B53-741B-46EF-8053-63D2E9370FA2}.Debug|Any CPU.ActiveCfg = Debug|Any CPU
		{3B555B53-741B-46EF-8053-63D2E9370FA2}.Debug|Any CPU.Build.0 = Debug|Any CPU
		{3B555B53-741B-46EF-8053-63D2E9370FA2}.Release|Any CPU.ActiveCfg = Release|Any CPU
		{3B555B53-741B-46EF-8053-63D2E9370FA2}.Release|Any CPU.Build.0 = Release|Any CPU
	EndGlobalSection
	GlobalSection(SolutionProperties) = preSolution
		HideSolutionNode = FALSE
	EndGlobalSection
	GlobalSection(ExtensibilityGlobals) = postSolution
		SolutionGuid = {22A17E18-CFE1-4728-A6AE-C1D19866F114}
	EndGlobalSection
EndGlobal
